Microsoft Visual Studio Solution File, Format Version 12.00
# Visual Studio Version 16
VisualStudioVersion = 16.0.29102.190
MinimumVisualStudioVersion = 10.0.40219.1
Project("{FAE04EC0-301F-11D3-BF4B-00C04F79EFBC}") = "Controllers", "lib\Controllers\Controllers.csproj", "{8E7C9F59-66A5-4866-93E4-0CD1B66ABAA6}"
EndProject
Project("{FAE04EC0-301F-11D3-BF4B-00C04F79EFBC}") = "BusinessCore", "lib\BusinessCore\BusinessCore.csproj", "{42C19F40-2651-43C2-B33B-50B500D6C10E}"
EndProject
Project("{FAE04EC0-301F-11D3-BF4B-00C04F79EFBC}") = "Chemicals", "lib\Chemicals\Chemicals.csproj", "{B664721B-DDDA-4EEE-B355-CD5481728AC0}"
EndProject
Project("{FAE04EC0-301F-11D3-BF4B-00C04F79EFBC}") = "Aster", "lib\Aster\Aster.csproj", "{8FE7CDDC-4F03-49CF-BE5A-219B1D3CB5BC}"
EndProject
Project("{FAE04EC0-301F-11D3-BF4B-00C04F79EFBC}") = "Carousel", "lib\Carousel\Carousel.csproj", "{5F219A52-8354-4A58-9E82-BF5A7F703040}"
EndProject
Project("{FAE04EC0-301F-11D3-BF4B-00C04F79EFBC}") = "Carousel2", "lib\Carousel2\Carousel2.csproj", "{AB5D4996-ED93-4EB4-A83C-90C5DB77B241}"
EndProject
Project("{FAE04EC0-301F-11D3-BF4B-00C04F79EFBC}") = "Utilities", "lib\Utilities\Utilities.csproj", "{C1B329D6-CCD6-4D7A-B0D9-AF6315A535B0}"
EndProject
Project("{FAE04EC0-301F-11D3-BF4B-00C04F79EFBC}") = "Credit", "lib\Credit\Credit.csproj", "{6A261205-020D-4F44-B459-66044DC58AE3}"
EndProject
Project("{FAE04EC0-301F-11D3-BF4B-00C04F79EFBC}") = "CreditCanada", "lib\CreditCanada\CreditCanada.csproj", "{92620693-77C4-4912-A513-E7B9AE4FB6DE}"
EndProject
Project("{FAE04EC0-301F-11D3-BF4B-00C04F79EFBC}") = "DataLayer", "lib\DataLayer\DataLayer.csproj", "{EA86D0DC-DAC1-4614-88FD-5CC2C0776F4D}"
EndProject
Project("{FAE04EC0-301F-11D3-BF4B-00C04F79EFBC}") = "Enumerators", "lib\Enumerators\Enumerators.csproj", "{40C43224-7F8B-4DC6-8F1F-5D5207F9B5A4}"
EndProject
Project("{FAE04EC0-301F-11D3-BF4B-00C04F79EFBC}") = "Filters", "lib\Filters\Filters.csproj", "{B496D4EC-C4F4-457C-B04A-8DFE8EDF0413}"
EndProject
Project("{FAE04EC0-301F-11D3-BF4B-00C04F79EFBC}") = "Fireworks", "lib\Fireworks\Fireworks.csproj", "{3B729C02-69BD-464A-ABA3-7C7A66AAC83B}"
EndProject
Project("{FAE04EC0-301F-11D3-BF4B-00C04F79EFBC}") = "Functions", "lib\Functions\Functions.csproj", "{66202262-64B1-4961-97E1-12AA671A817A}"
EndProject
Project("{FAE04EC0-301F-11D3-BF4B-00C04F79EFBC}") = "Machines", "lib\Machines\Machines.csproj", "{8C3951A2-A0A6-4C9B-85A3-F8AC98C28DBA}"
EndProject
Project("{FAE04EC0-301F-11D3-BF4B-00C04F79EFBC}") = "OzAster", "lib\OzAster\OzAster.csproj", "{CA4B739D-D9B8-4042-8A63-6634D428AE92}"
EndProject
Project("{FAE04EC0-301F-11D3-BF4B-00C04F79EFBC}") = "Reservations", "lib\Reservations\Reservations.csproj", "{C1AF803C-23FE-488D-BE01-99C97763CACB}"
EndProject
Project("{FAE04EC0-301F-11D3-BF4B-00C04F79EFBC}") = "Processes", "lib\Processes\Processes.csproj", "{E4044798-E043-4916-984C-1D1C85F344CB}"
EndProject
Project("{FAE04EC0-301F-11D3-BF4B-00C04F79EFBC}") = "RobotInterpreter", "lib\RobotInterpreter\RobotInterpreter.csproj", "{3F31FA67-84BE-4365-B31E-0B67A0F400AD}"
EndProject
Project("{FAE04EC0-301F-11D3-BF4B-00C04F79EFBC}") = "RobotInterpreter2", "lib\RobotInterpreter2\RobotInterpreter2.csproj", "{587CA9EE-2E4D-4457-AB99-0D28F7366806}"
EndProject
Project("{FAE04EC0-301F-11D3-BF4B-00C04F79EFBC}") = "ShowAccessibility", "lib\ShowAccessibility\ShowAccessibility.csproj", "{DD1B9AAB-5465-4AEB-B06E-EBE7B03C62AD}"
EndProject
Project("{FAE04EC0-301F-11D3-BF4B-00C04F79EFBC}") = "ShowConstruction", "lib\ShowConstruction\ShowConstruction.csproj", "{86C6D327-F810-4338-B5FC-EBF9C0072D78}"
EndProject
Project("{FAE04EC0-301F-11D3-BF4B-00C04F79EFBC}") = "ShowProperties", "lib\ShowProperties\ShowProperties.csproj", "{41090C77-3E8F-4281-BC04-3653704E3924}"
EndProject
Project("{FAE04EC0-301F-11D3-BF4B-00C04F79EFBC}") = "Simulation", "lib\Simulation\Simulation.csproj", "{9A781FCA-1D59-42E0-9187-E99438408616}"
EndProject
Project("{FAE04EC0-301F-11D3-BF4B-00C04F79EFBC}") = "UserInterface", "lib\UserInterface\UserInterface.csproj", "{0B78F8CE-B038-4950-BE79-18E3B6736E54}"
EndProject
Project("{FAE04EC0-301F-11D3-BF4B-00C04F79EFBC}") = "MoveATub", "app\MoveATub\MoveATub.csproj", "{BC87FBA9-B4EE-4DDD-BF4A-5E2852955A51}"
EndProject
Project("{FAE04EC0-301F-11D3-BF4B-00C04F79EFBC}") = "MoveATub2", "app\MoveATub2\MoveATub2.csproj", "{C3A9CDC0-37E8-482B-862F-634408961C52}"
EndProject
Project("{FAE04EC0-301F-11D3-BF4B-00C04F79EFBC}") = "ShowAdapter", "app\ShowAdapter\ShowAdapter.csproj", "{29D856FB-8E9A-40E2-AEE2-18677C6C3A5C}"
EndProject
Project("{FAE04EC0-301F-11D3-BF4B-00C04F79EFBC}") = "ShowBallistics", "app\ShowBallistics\ShowBallistics.csproj", "{D8B90E0B-EDAA-49BB-B581-F38628CDB92D}"
EndProject
Project("{FAE04EC0-301F-11D3-BF4B-00C04F79EFBC}") = "PlaceATub", "app\PlaceATub\PlaceATub.csproj", "{11E3E4BA-16CE-442C-A53C-1EF89B7E04B9}"
EndProject
Project("{FAE04EC0-301F-11D3-BF4B-00C04F79EFBC}") = "ShowBallistics2", "app\ShowBallistics2\ShowBallistics2.csproj", "{FB29BCDD-8F31-47AF-9744-61A4F322B082}"
EndProject
Project("{FAE04EC0-301F-11D3-BF4B-00C04F79EFBC}") = "ShowBallistics3", "app\ShowBallistics3\ShowBallistics3.csproj", "{B1018C96-5B89-4CA5-9DB3-D4FBECDC7188}"
EndProject
Project("{FAE04EC0-301F-11D3-BF4B-00C04F79EFBC}") = "ShowBallistics4", "app\ShowBallistics4\ShowBallistics4.csproj", "{7BEAD6DA-2938-41EF-97C4-E77B63205D76}"
EndProject
Project("{FAE04EC0-301F-11D3-BF4B-00C04F79EFBC}") = "ShowBorrowing", "app\ShowBorrowing\ShowBorrowing.csproj", "{1A3C7813-B994-4C1F-9B07-A06AF5FE0006}"
EndProject
Project("{FAE04EC0-301F-11D3-BF4B-00C04F79EFBC}") = "ShowBorrowing2", "app\ShowBorrowing2\ShowBorrowing2.csproj", "{59ABC9B7-AEC4-4606-B2C3-F3483AEE63C3}"
EndProject
Project("{FAE04EC0-301F-11D3-BF4B-00C04F79EFBC}") = "ShowBrightness", "app\ShowBrightness\ShowBrightness.csproj", "{6859F67E-AB31-484A-B854-E678ABC9059B}"
EndProject
Project("{FAE04EC0-301F-11D3-BF4B-00C04F79EFBC}") = "ShowCircle", "app\ShowCircle\ShowCircle.csproj", "{A02DFF58-BB56-42CF-B869-F7B24BF9F067}"
EndProject
Project("{FAE04EC0-301F-11D3-BF4B-00C04F79EFBC}") = "ShowCommand", "app\ShowCommand\ShowCommand.csproj", "{17CF5953-B567-44B9-B0CE-05B9E5346EB2}"
EndProject
Project("{FAE04EC0-301F-11D3-BF4B-00C04F79EFBC}") = "ShowComparator", "app\ShowComparator\ShowComparator.csproj", "{9A749D79-7B9B-448E-959D-4C3604F74546}"
EndProject
Project("{FAE04EC0-301F-11D3-BF4B-00C04F79EFBC}") = "ShowConcurrentFor", "app\ShowConcurrentFor\ShowConcurrentFor.csproj", "{5BB7202F-D36D-4F00-9963-678DB5BCC7C6}"
EndProject
Project("{FAE04EC0-301F-11D3-BF4B-00C04F79EFBC}") = "ShowConcurrentMutex", "app\ShowConcurrentMutex\ShowConcurrentMutex.csproj", "{15E6126B-22E8-417E-9458-5ADB2B3C6FE3}"
EndProject
Project("{FAE04EC0-301F-11D3-BF4B-00C04F79EFBC}") = "ShowConcurrentWhile", "app\ShowConcurrentWhile\ShowConcurrentWhile.csproj", "{908AC493-00D7-43E0-B9A2-3BEB529C967D}"
EndProject
Project("{FAE04EC0-301F-11D3-BF4B-00C04F79EFBC}") = "ShowDecorator", "app\ShowDecorator\ShowDecorator.csproj", "{381A15F4-F1DF-4592-B28F-A7AF17464C9C}"
EndProject
Project("{FAE04EC0-301F-11D3-BF4B-00C04F79EFBC}") = "ShowDelegate", "app\ShowDelegate\ShowDelegate.csproj", "{EF0EC33F-3E6E-403D-A35A-8B72EBEC5D92}"
EndProject
Project("{FAE04EC0-301F-11D3-BF4B-00C04F79EFBC}") = "ShowEnumeration", "app\ShowEnumeration\ShowEnumeration.csproj", "{1A1FF397-EFB5-4DCE-8B3A-AA1EF1C9F15F}"
EndProject
Project("{FAE04EC0-301F-11D3-BF4B-00C04F79EFBC}") = "ShowEnumeration2", "app\ShowEnumeration2\ShowEnumeration2.csproj", "{23041F64-C65D-4DB8-AEFA-40B74BCFEB52}"
EndProject
Project("{FAE04EC0-301F-11D3-BF4B-00C04F79EFBC}") = "ShowFilters", "app\ShowFilters\ShowFilters.csproj", "{8D5F8EDF-C188-4DEB-9DFD-C492E4A6BC33}"
EndProject
Project("{FAE04EC0-301F-11D3-BF4B-00C04F79EFBC}") = "ShowFlight", "app\ShowFlight\ShowFlight.csproj", "{58A3F967-3F59-438B-826F-F8FCE7DABF2C}"
EndProject
Project("{FAE04EC0-301F-11D3-BF4B-00C04F79EFBC}") = "ShowFun", "app\ShowFun\ShowFun.csproj", "{E5098F48-4CAB-4235-B1B4-49B197D0C3D7}"
EndProject
Project("{FAE04EC0-301F-11D3-BF4B-00C04F79EFBC}") = "ShowInterpreter", "app\ShowInterpreter\ShowInterpreter.csproj", "{4D422C84-614F-4097-AEE7-31A088384F51}"
EndProject
Project("{FAE04EC0-301F-11D3-BF4B-00C04F79EFBC}") = "ShowInterpreterFor", "app\ShowInterpreterFor\ShowInterpreterFor.csproj", "{FEA07AAD-1BFB-428D-9EB5-5AD3F9C19DBD}"
EndProject
Project("{FAE04EC0-301F-11D3-BF4B-00C04F79EFBC}") = "ShowInterpreterWhile", "app\ShowInterpreterWhile\ShowInterpreterWhile.csproj", "{6831038B-D413-4E85-891D-68E7D71DF59A}"
EndProject
Project("{FAE04EC0-301F-11D3-BF4B-00C04F79EFBC}") = "ShowLowerCase", "app\ShowLowerCase\ShowLowerCase.csproj", "{043DB0AB-3370-462F-BBA5-5CDFA52903A2}"
EndProject
Project("{FAE04EC0-301F-11D3-BF4B-00C04F79EFBC}") = "ShowPlant", "app\ShowPlant\ShowPlant.csproj", "{C4BE644A-1896-401D-BA94-417F68C78108}"
EndProject
Project("{FAE04EC0-301F-11D3-BF4B-00C04F79EFBC}") = "ShowPrettyVisitor", "app\ShowPrettyVisitor\ShowPrettyVisitor.csproj", "{8FF7BB3D-5752-4FAB-8464-B47A18FCE5BC}"
EndProject
Project("{FAE04EC0-301F-11D3-BF4B-00C04F79EFBC}") = "ShowProcessEnumeration", "app\ShowProcessEnumeration\ShowProcessEnumeration.csproj", "{95579E53-DBC5-4412-9E66-995DE5875D70}"
EndProject
Project("{FAE04EC0-301F-11D3-BF4B-00C04F79EFBC}") = "ShowProcessEnumeration2", "app\ShowProcessEnumeration2\ShowProcessEnumeration2.csproj", "{A1A4B3EC-9523-4D4D-A099-E30C28444D71}"
EndProject
Project("{FAE04EC0-301F-11D3-BF4B-00C04F79EFBC}") = "ShowMessageBox", "app\ShowMessageBox\ShowMessageBox.csproj", "{47B14709-6462-420C-8ACF-0D0D3A7F4CC2}"
EndProject
Project("{FAE04EC0-301F-11D3-BF4B-00C04F79EFBC}") = "ShowProxy", "app\ShowProxy\ShowProxy.csproj", "{842BCE33-86A4-450E-A14A-2BF0AC360FB6}"
EndProject
Project("{FAE04EC0-301F-11D3-BF4B-00C04F79EFBC}") = "ShowRakeVisitor", "app\ShowRakeVisitor\ShowRakeVisitor.csproj", "{CA6EE19C-ABDE-4D16-906F-8A65138FF43D}"
EndProject
Project("{FAE04EC0-301F-11D3-BF4B-00C04F79EFBC}") = "ShowRandom", "app\ShowRandom\ShowRandom.csproj", "{396E490D-8566-4859-A1A0-86DEE3760F44}"
EndProject
Project("{FAE04EC0-301F-11D3-BF4B-00C04F79EFBC}") = "ShowRocketsFromList", "app\ShowRocketsFromList\ShowRocketsFromList.csproj", "{225430AC-F083-44C5-96EC-56B3E1FA2211}"
EndProject
Project("{FAE04EC0-301F-11D3-BF4B-00C04F79EFBC}") = "ShowRocketsFromTable", "app\ShowRocketsFromTable\ShowRocketsFromTable.csproj", "{AC42776E-A068-4A33-9FF8-8F5EC46D2AD0}"
EndProject
Project("{FAE04EC0-301F-11D3-BF4B-00C04F79EFBC}") = "ShowStructs", "app\ShowStructs\ShowStructs.csproj", "{2968EAFB-6D81-444A-AA7F-A87E2F8C74F2}"
EndProject
Project("{FAE04EC0-301F-11D3-BF4B-00C04F79EFBC}") = "ShowTimerCommand", "app\ShowTimerCommand\ShowTimerCommand.csproj", "{DB23F2AB-3CE1-409A-BB0A-E1D468646D8A}"
EndProject
Project("{FAE04EC0-301F-11D3-BF4B-00C04F79EFBC}") = "ShowTreeNodeVisitor", "app\ShowTreeNodeVisitor\ShowTreeNodeVisitor.csproj", "{F40B94B9-435B-408A-83E6-4B2B8DA2ECCC}"
EndProject
Project("{FAE04EC0-301F-11D3-BF4B-00C04F79EFBC}") = "ShowUnforgiving", "app\ShowUnforgiving\ShowUnforgiving.csproj", "{19D649D6-EDAB-4A31-B5DC-04421BE3336E}"
EndProject
Project("{FAE04EC0-301F-11D3-BF4B-00C04F79EFBC}") = "ShowProxyReader", "app\ShowProxyReader\ShowProxyReader.csproj", "{AD62D358-1C34-48C4-93DE-FE789A5D0B2F}"
EndProject
Project("{FAE04EC0-301F-11D3-BF4B-00C04F79EFBC}") = "ShowReflection", "app\ShowReflection\ShowReflection.csproj", "{AD4A07FA-A2C0-4BDA-A36F-EF3D4E1559C8}"
EndProject
Project("{FAE04EC0-301F-11D3-BF4B-00C04F79EFBC}") = "ShowSet", "app\ShowSet\ShowSet.csproj", "{E0CA0E1A-FD60-4CAE-8B7B-EBED02D11326}"
EndProject
Project("{FAE04EC0-301F-11D3-BF4B-00C04F79EFBC}") = "ShowNew", "app\ShowNew\ShowNew.csproj", "{96920B53-C90E-4643-9DDB-540B23B3A738}"
EndProject
Project("{FAE04EC0-301F-11D3-BF4B-00C04F79EFBC}") = "ShowClient", "app\ShowClient\ShowClient.csproj", "{3EC45107-B9C5-4F7C-BD88-6FE5796EA7AE}"
EndProject
Project("{FAE04EC0-301F-11D3-BF4B-00C04F79EFBC}") = "Recommendations", "lib\Recommendations\Recommendations.csproj", "{0935F51D-08C4-4FD3-A9C7-8F63EB04CB91}"
EndProject
Project("{FAE04EC0-301F-11D3-BF4B-00C04F79EFBC}") = "Testing", "lib\Testing\Testing.csproj", "{5843F2A4-FC2D-42C2-801B-913DECF5A04F}"
EndProject
Project("{FAE04EC0-301F-11D3-BF4B-00C04F79EFBC}") = "ShowAbstractFactory", "app\ShowAbstractFactory\ShowAbstractFactory.csproj", "{C9B777F1-E71E-46A1-BBBF-54AECA385D2E}"
EndProject
Project("{FAE04EC0-301F-11D3-BF4B-00C04F79EFBC}") = "Visualizations", "lib\Visualizations\Visualizations.csproj", "{922E4AAB-5850-4BB9-823F-9CFD91AE81BC}"
EndProject
Project("{FAE04EC0-301F-11D3-BF4B-00C04F79EFBC}") = "GuiLayout", "app\GuiLayout\GuiLayout.csproj", "{AE04EA45-81A4-4FA2-BFCF-2AA75BE0D55A}"
EndProject
Project("{FAE04EC0-301F-11D3-BF4B-00C04F79EFBC}") = "ShowVisualization2", "app\ShowVisualization2\ShowVisualization2.csproj", "{E1A82211-A872-4337-9A5E-11142B478DFC}"
EndProject
Project("{FAE04EC0-301F-11D3-BF4B-00C04F79EFBC}") = "ShowDown", "app\ShowDown\ShowDown.csproj", "{6CB9B657-2FC3-44D4-9D6F-6AEA4D979E42}"
EndProject
Global
	GlobalSection(SolutionConfigurationPlatforms) = preSolution
		Debug|Any CPU = Debug|Any CPU
		Release|Any CPU = Release|Any CPU
	EndGlobalSection
	GlobalSection(ProjectConfigurationPlatforms) = postSolution
		{8E7C9F59-66A5-4866-93E4-0CD1B66ABAA6}.Debug|Any CPU.ActiveCfg = Debug|Any CPU
		{8E7C9F59-66A5-4866-93E4-0CD1B66ABAA6}.Debug|Any CPU.Build.0 = Debug|Any CPU
		{8E7C9F59-66A5-4866-93E4-0CD1B66ABAA6}.Release|Any CPU.ActiveCfg = Release|Any CPU
		{8E7C9F59-66A5-4866-93E4-0CD1B66ABAA6}.Release|Any CPU.Build.0 = Release|Any CPU
		{42C19F40-2651-43C2-B33B-50B500D6C10E}.Debug|Any CPU.ActiveCfg = Debug|Any CPU
		{42C19F40-2651-43C2-B33B-50B500D6C10E}.Debug|Any CPU.Build.0 = Debug|Any CPU
		{42C19F40-2651-43C2-B33B-50B500D6C10E}.Release|Any CPU.ActiveCfg = Release|Any CPU
		{42C19F40-2651-43C2-B33B-50B500D6C10E}.Release|Any CPU.Build.0 = Release|Any CPU
		{B664721B-DDDA-4EEE-B355-CD5481728AC0}.Debug|Any CPU.ActiveCfg = Debug|Any CPU
		{B664721B-DDDA-4EEE-B355-CD5481728AC0}.Debug|Any CPU.Build.0 = Debug|Any CPU
		{B664721B-DDDA-4EEE-B355-CD5481728AC0}.Release|Any CPU.ActiveCfg = Release|Any CPU
		{B664721B-DDDA-4EEE-B355-CD5481728AC0}.Release|Any CPU.Build.0 = Release|Any CPU
		{8FE7CDDC-4F03-49CF-BE5A-219B1D3CB5BC}.Debug|Any CPU.ActiveCfg = Debug|Any CPU
		{8FE7CDDC-4F03-49CF-BE5A-219B1D3CB5BC}.Debug|Any CPU.Build.0 = Debug|Any CPU
		{8FE7CDDC-4F03-49CF-BE5A-219B1D3CB5BC}.Release|Any CPU.ActiveCfg = Release|Any CPU
		{8FE7CDDC-4F03-49CF-BE5A-219B1D3CB5BC}.Release|Any CPU.Build.0 = Release|Any CPU
		{5F219A52-8354-4A58-9E82-BF5A7F703040}.Debug|Any CPU.ActiveCfg = Debug|Any CPU
		{5F219A52-8354-4A58-9E82-BF5A7F703040}.Debug|Any CPU.Build.0 = Debug|Any CPU
		{5F219A52-8354-4A58-9E82-BF5A7F703040}.Release|Any CPU.ActiveCfg = Release|Any CPU
		{5F219A52-8354-4A58-9E82-BF5A7F703040}.Release|Any CPU.Build.0 = Release|Any CPU
		{AB5D4996-ED93-4EB4-A83C-90C5DB77B241}.Debug|Any CPU.ActiveCfg = Debug|Any CPU
		{AB5D4996-ED93-4EB4-A83C-90C5DB77B241}.Debug|Any CPU.Build.0 = Debug|Any CPU
		{AB5D4996-ED93-4EB4-A83C-90C5DB77B241}.Release|Any CPU.ActiveCfg = Release|Any CPU
		{AB5D4996-ED93-4EB4-A83C-90C5DB77B241}.Release|Any CPU.Build.0 = Release|Any CPU
		{C1B329D6-CCD6-4D7A-B0D9-AF6315A535B0}.Debug|Any CPU.ActiveCfg = Debug|Any CPU
		{C1B329D6-CCD6-4D7A-B0D9-AF6315A535B0}.Debug|Any CPU.Build.0 = Debug|Any CPU
		{C1B329D6-CCD6-4D7A-B0D9-AF6315A535B0}.Release|Any CPU.ActiveCfg = Release|Any CPU
		{C1B329D6-CCD6-4D7A-B0D9-AF6315A535B0}.Release|Any CPU.Build.0 = Release|Any CPU
		{6A261205-020D-4F44-B459-66044DC58AE3}.Debug|Any CPU.ActiveCfg = Debug|Any CPU
		{6A261205-020D-4F44-B459-66044DC58AE3}.Debug|Any CPU.Build.0 = Debug|Any CPU
		{6A261205-020D-4F44-B459-66044DC58AE3}.Release|Any CPU.ActiveCfg = Release|Any CPU
		{6A261205-020D-4F44-B459-66044DC58AE3}.Release|Any CPU.Build.0 = Release|Any CPU
		{92620693-77C4-4912-A513-E7B9AE4FB6DE}.Debug|Any CPU.ActiveCfg = Debug|Any CPU
		{92620693-77C4-4912-A513-E7B9AE4FB6DE}.Debug|Any CPU.Build.0 = Debug|Any CPU
		{92620693-77C4-4912-A513-E7B9AE4FB6DE}.Release|Any CPU.ActiveCfg = Release|Any CPU
		{92620693-77C4-4912-A513-E7B9AE4FB6DE}.Release|Any CPU.Build.0 = Release|Any CPU
		{EA86D0DC-DAC1-4614-88FD-5CC2C0776F4D}.Debug|Any CPU.ActiveCfg = Debug|Any CPU
		{EA86D0DC-DAC1-4614-88FD-5CC2C0776F4D}.Debug|Any CPU.Build.0 = Debug|Any CPU
		{EA86D0DC-DAC1-4614-88FD-5CC2C0776F4D}.Release|Any CPU.ActiveCfg = Release|Any CPU
		{EA86D0DC-DAC1-4614-88FD-5CC2C0776F4D}.Release|Any CPU.Build.0 = Release|Any CPU
		{40C43224-7F8B-4DC6-8F1F-5D5207F9B5A4}.Debug|Any CPU.ActiveCfg = Debug|Any CPU
		{40C43224-7F8B-4DC6-8F1F-5D5207F9B5A4}.Debug|Any CPU.Build.0 = Debug|Any CPU
		{40C43224-7F8B-4DC6-8F1F-5D5207F9B5A4}.Release|Any CPU.ActiveCfg = Release|Any CPU
		{40C43224-7F8B-4DC6-8F1F-5D5207F9B5A4}.Release|Any CPU.Build.0 = Release|Any CPU
		{B496D4EC-C4F4-457C-B04A-8DFE8EDF0413}.Debug|Any CPU.ActiveCfg = Debug|Any CPU
		{B496D4EC-C4F4-457C-B04A-8DFE8EDF0413}.Debug|Any CPU.Build.0 = Debug|Any CPU
		{B496D4EC-C4F4-457C-B04A-8DFE8EDF0413}.Release|Any CPU.ActiveCfg = Release|Any CPU
		{B496D4EC-C4F4-457C-B04A-8DFE8EDF0413}.Release|Any CPU.Build.0 = Release|Any CPU
		{3B729C02-69BD-464A-ABA3-7C7A66AAC83B}.Debug|Any CPU.ActiveCfg = Debug|Any CPU
		{3B729C02-69BD-464A-ABA3-7C7A66AAC83B}.Debug|Any CPU.Build.0 = Debug|Any CPU
		{3B729C02-69BD-464A-ABA3-7C7A66AAC83B}.Release|Any CPU.ActiveCfg = Release|Any CPU
		{3B729C02-69BD-464A-ABA3-7C7A66AAC83B}.Release|Any CPU.Build.0 = Release|Any CPU
		{66202262-64B1-4961-97E1-12AA671A817A}.Debug|Any CPU.ActiveCfg = Debug|Any CPU
		{66202262-64B1-4961-97E1-12AA671A817A}.Debug|Any CPU.Build.0 = Debug|Any CPU
		{66202262-64B1-4961-97E1-12AA671A817A}.Release|Any CPU.ActiveCfg = Release|Any CPU
		{66202262-64B1-4961-97E1-12AA671A817A}.Release|Any CPU.Build.0 = Release|Any CPU
		{8C3951A2-A0A6-4C9B-85A3-F8AC98C28DBA}.Debug|Any CPU.ActiveCfg = Debug|Any CPU
		{8C3951A2-A0A6-4C9B-85A3-F8AC98C28DBA}.Debug|Any CPU.Build.0 = Debug|Any CPU
		{8C3951A2-A0A6-4C9B-85A3-F8AC98C28DBA}.Release|Any CPU.ActiveCfg = Release|Any CPU
		{8C3951A2-A0A6-4C9B-85A3-F8AC98C28DBA}.Release|Any CPU.Build.0 = Release|Any CPU
		{CA4B739D-D9B8-4042-8A63-6634D428AE92}.Debug|Any CPU.ActiveCfg = Debug|Any CPU
		{CA4B739D-D9B8-4042-8A63-6634D428AE92}.Debug|Any CPU.Build.0 = Debug|Any CPU
		{CA4B739D-D9B8-4042-8A63-6634D428AE92}.Release|Any CPU.ActiveCfg = Release|Any CPU
		{CA4B739D-D9B8-4042-8A63-6634D428AE92}.Release|Any CPU.Build.0 = Release|Any CPU
		{C1AF803C-23FE-488D-BE01-99C97763CACB}.Debug|Any CPU.ActiveCfg = Debug|Any CPU
		{C1AF803C-23FE-488D-BE01-99C97763CACB}.Debug|Any CPU.Build.0 = Debug|Any CPU
		{C1AF803C-23FE-488D-BE01-99C97763CACB}.Release|Any CPU.ActiveCfg = Release|Any CPU
		{C1AF803C-23FE-488D-BE01-99C97763CACB}.Release|Any CPU.Build.0 = Release|Any CPU
		{E4044798-E043-4916-984C-1D1C85F344CB}.Debug|Any CPU.ActiveCfg = Debug|Any CPU
		{E4044798-E043-4916-984C-1D1C85F344CB}.Debug|Any CPU.Build.0 = Debug|Any CPU
		{E4044798-E043-4916-984C-1D1C85F344CB}.Release|Any CPU.ActiveCfg = Release|Any CPU
		{E4044798-E043-4916-984C-1D1C85F344CB}.Release|Any CPU.Build.0 = Release|Any CPU
		{3F31FA67-84BE-4365-B31E-0B67A0F400AD}.Debug|Any CPU.ActiveCfg = Debug|Any CPU
		{3F31FA67-84BE-4365-B31E-0B67A0F400AD}.Debug|Any CPU.Build.0 = Debug|Any CPU
		{3F31FA67-84BE-4365-B31E-0B67A0F400AD}.Release|Any CPU.ActiveCfg = Release|Any CPU
		{3F31FA67-84BE-4365-B31E-0B67A0F400AD}.Release|Any CPU.Build.0 = Release|Any CPU
		{587CA9EE-2E4D-4457-AB99-0D28F7366806}.Debug|Any CPU.ActiveCfg = Debug|Any CPU
		{587CA9EE-2E4D-4457-AB99-0D28F7366806}.Debug|Any CPU.Build.0 = Debug|Any CPU
		{587CA9EE-2E4D-4457-AB99-0D28F7366806}.Release|Any CPU.ActiveCfg = Release|Any CPU
		{587CA9EE-2E4D-4457-AB99-0D28F7366806}.Release|Any CPU.Build.0 = Release|Any CPU
		{DD1B9AAB-5465-4AEB-B06E-EBE7B03C62AD}.Debug|Any CPU.ActiveCfg = Debug|Any CPU
		{DD1B9AAB-5465-4AEB-B06E-EBE7B03C62AD}.Debug|Any CPU.Build.0 = Debug|Any CPU
		{DD1B9AAB-5465-4AEB-B06E-EBE7B03C62AD}.Release|Any CPU.ActiveCfg = Release|Any CPU
		{DD1B9AAB-5465-4AEB-B06E-EBE7B03C62AD}.Release|Any CPU.Build.0 = Release|Any CPU
		{86C6D327-F810-4338-B5FC-EBF9C0072D78}.Debug|Any CPU.ActiveCfg = Debug|Any CPU
		{86C6D327-F810-4338-B5FC-EBF9C0072D78}.Debug|Any CPU.Build.0 = Debug|Any CPU
		{86C6D327-F810-4338-B5FC-EBF9C0072D78}.Release|Any CPU.ActiveCfg = Release|Any CPU
		{86C6D327-F810-4338-B5FC-EBF9C0072D78}.Release|Any CPU.Build.0 = Release|Any CPU
		{41090C77-3E8F-4281-BC04-3653704E3924}.Debug|Any CPU.ActiveCfg = Debug|Any CPU
		{41090C77-3E8F-4281-BC04-3653704E3924}.Debug|Any CPU.Build.0 = Debug|Any CPU
		{41090C77-3E8F-4281-BC04-3653704E3924}.Release|Any CPU.ActiveCfg = Release|Any CPU
		{41090C77-3E8F-4281-BC04-3653704E3924}.Release|Any CPU.Build.0 = Release|Any CPU
		{9A781FCA-1D59-42E0-9187-E99438408616}.Debug|Any CPU.ActiveCfg = Debug|Any CPU
		{9A781FCA-1D59-42E0-9187-E99438408616}.Debug|Any CPU.Build.0 = Debug|Any CPU
		{9A781FCA-1D59-42E0-9187-E99438408616}.Release|Any CPU.ActiveCfg = Release|Any CPU
		{9A781FCA-1D59-42E0-9187-E99438408616}.Release|Any CPU.Build.0 = Release|Any CPU
		{0B78F8CE-B038-4950-BE79-18E3B6736E54}.Debug|Any CPU.ActiveCfg = Debug|Any CPU
		{0B78F8CE-B038-4950-BE79-18E3B6736E54}.Debug|Any CPU.Build.0 = Debug|Any CPU
		{0B78F8CE-B038-4950-BE79-18E3B6736E54}.Release|Any CPU.ActiveCfg = Release|Any CPU
		{0B78F8CE-B038-4950-BE79-18E3B6736E54}.Release|Any CPU.Build.0 = Release|Any CPU
		{BC87FBA9-B4EE-4DDD-BF4A-5E2852955A51}.Debug|Any CPU.ActiveCfg = Debug|Any CPU
		{BC87FBA9-B4EE-4DDD-BF4A-5E2852955A51}.Debug|Any CPU.Build.0 = Debug|Any CPU
		{BC87FBA9-B4EE-4DDD-BF4A-5E2852955A51}.Release|Any CPU.ActiveCfg = Release|Any CPU
		{BC87FBA9-B4EE-4DDD-BF4A-5E2852955A51}.Release|Any CPU.Build.0 = Release|Any CPU
		{C3A9CDC0-37E8-482B-862F-634408961C52}.Debug|Any CPU.ActiveCfg = Debug|Any CPU
		{C3A9CDC0-37E8-482B-862F-634408961C52}.Debug|Any CPU.Build.0 = Debug|Any CPU
		{C3A9CDC0-37E8-482B-862F-634408961C52}.Release|Any CPU.ActiveCfg = Release|Any CPU
		{C3A9CDC0-37E8-482B-862F-634408961C52}.Release|Any CPU.Build.0 = Release|Any CPU
		{29D856FB-8E9A-40E2-AEE2-18677C6C3A5C}.Debug|Any CPU.ActiveCfg = Debug|Any CPU
		{29D856FB-8E9A-40E2-AEE2-18677C6C3A5C}.Debug|Any CPU.Build.0 = Debug|Any CPU
		{29D856FB-8E9A-40E2-AEE2-18677C6C3A5C}.Release|Any CPU.ActiveCfg = Release|Any CPU
		{29D856FB-8E9A-40E2-AEE2-18677C6C3A5C}.Release|Any CPU.Build.0 = Release|Any CPU
		{D8B90E0B-EDAA-49BB-B581-F38628CDB92D}.Debug|Any CPU.ActiveCfg = Debug|Any CPU
		{D8B90E0B-EDAA-49BB-B581-F38628CDB92D}.Debug|Any CPU.Build.0 = Debug|Any CPU
		{D8B90E0B-EDAA-49BB-B581-F38628CDB92D}.Release|Any CPU.ActiveCfg = Release|Any CPU
		{D8B90E0B-EDAA-49BB-B581-F38628CDB92D}.Release|Any CPU.Build.0 = Release|Any CPU
		{11E3E4BA-16CE-442C-A53C-1EF89B7E04B9}.Debug|Any CPU.ActiveCfg = Debug|Any CPU
		{11E3E4BA-16CE-442C-A53C-1EF89B7E04B9}.Debug|Any CPU.Build.0 = Debug|Any CPU
		{11E3E4BA-16CE-442C-A53C-1EF89B7E04B9}.Release|Any CPU.ActiveCfg = Release|Any CPU
		{11E3E4BA-16CE-442C-A53C-1EF89B7E04B9}.Release|Any CPU.Build.0 = Release|Any CPU
		{FB29BCDD-8F31-47AF-9744-61A4F322B082}.Debug|Any CPU.ActiveCfg = Debug|Any CPU
		{FB29BCDD-8F31-47AF-9744-61A4F322B082}.Debug|Any CPU.Build.0 = Debug|Any CPU
		{FB29BCDD-8F31-47AF-9744-61A4F322B082}.Release|Any CPU.ActiveCfg = Release|Any CPU
		{FB29BCDD-8F31-47AF-9744-61A4F322B082}.Release|Any CPU.Build.0 = Release|Any CPU
		{B1018C96-5B89-4CA5-9DB3-D4FBECDC7188}.Debug|Any CPU.ActiveCfg = Debug|Any CPU
		{B1018C96-5B89-4CA5-9DB3-D4FBECDC7188}.Debug|Any CPU.Build.0 = Debug|Any CPU
		{B1018C96-5B89-4CA5-9DB3-D4FBECDC7188}.Release|Any CPU.ActiveCfg = Release|Any CPU
		{B1018C96-5B89-4CA5-9DB3-D4FBECDC7188}.Release|Any CPU.Build.0 = Release|Any CPU
		{7BEAD6DA-2938-41EF-97C4-E77B63205D76}.Debug|Any CPU.ActiveCfg = Debug|Any CPU
		{7BEAD6DA-2938-41EF-97C4-E77B63205D76}.Debug|Any CPU.Build.0 = Debug|Any CPU
		{7BEAD6DA-2938-41EF-97C4-E77B63205D76}.Release|Any CPU.ActiveCfg = Release|Any CPU
		{7BEAD6DA-2938-41EF-97C4-E77B63205D76}.Release|Any CPU.Build.0 = Release|Any CPU
		{1A3C7813-B994-4C1F-9B07-A06AF5FE0006}.Debug|Any CPU.ActiveCfg = Debug|Any CPU
		{1A3C7813-B994-4C1F-9B07-A06AF5FE0006}.Debug|Any CPU.Build.0 = Debug|Any CPU
		{1A3C7813-B994-4C1F-9B07-A06AF5FE0006}.Release|Any CPU.ActiveCfg = Release|Any CPU
		{1A3C7813-B994-4C1F-9B07-A06AF5FE0006}.Release|Any CPU.Build.0 = Release|Any CPU
		{59ABC9B7-AEC4-4606-B2C3-F3483AEE63C3}.Debug|Any CPU.ActiveCfg = Debug|Any CPU
		{59ABC9B7-AEC4-4606-B2C3-F3483AEE63C3}.Debug|Any CPU.Build.0 = Debug|Any CPU
		{59ABC9B7-AEC4-4606-B2C3-F3483AEE63C3}.Release|Any CPU.ActiveCfg = Release|Any CPU
		{59ABC9B7-AEC4-4606-B2C3-F3483AEE63C3}.Release|Any CPU.Build.0 = Release|Any CPU
		{6859F67E-AB31-484A-B854-E678ABC9059B}.Debug|Any CPU.ActiveCfg = Debug|Any CPU
		{6859F67E-AB31-484A-B854-E678ABC9059B}.Debug|Any CPU.Build.0 = Debug|Any CPU
		{6859F67E-AB31-484A-B854-E678ABC9059B}.Release|Any CPU.ActiveCfg = Release|Any CPU
		{6859F67E-AB31-484A-B854-E678ABC9059B}.Release|Any CPU.Build.0 = Release|Any CPU
		{A02DFF58-BB56-42CF-B869-F7B24BF9F067}.Debug|Any CPU.ActiveCfg = Debug|Any CPU
		{A02DFF58-BB56-42CF-B869-F7B24BF9F067}.Debug|Any CPU.Build.0 = Debug|Any CPU
		{A02DFF58-BB56-42CF-B869-F7B24BF9F067}.Release|Any CPU.ActiveCfg = Release|Any CPU
		{A02DFF58-BB56-42CF-B869-F7B24BF9F067}.Release|Any CPU.Build.0 = Release|Any CPU
		{17CF5953-B567-44B9-B0CE-05B9E5346EB2}.Debug|Any CPU.ActiveCfg = Debug|Any CPU
		{17CF5953-B567-44B9-B0CE-05B9E5346EB2}.Debug|Any CPU.Build.0 = Debug|Any CPU
		{17CF5953-B567-44B9-B0CE-05B9E5346EB2}.Release|Any CPU.ActiveCfg = Release|Any CPU
		{17CF5953-B567-44B9-B0CE-05B9E5346EB2}.Release|Any CPU.Build.0 = Release|Any CPU
		{9A749D79-7B9B-448E-959D-4C3604F74546}.Debug|Any CPU.ActiveCfg = Debug|Any CPU
		{9A749D79-7B9B-448E-959D-4C3604F74546}.Debug|Any CPU.Build.0 = Debug|Any CPU
		{9A749D79-7B9B-448E-959D-4C3604F74546}.Release|Any CPU.ActiveCfg = Release|Any CPU
		{9A749D79-7B9B-448E-959D-4C3604F74546}.Release|Any CPU.Build.0 = Release|Any CPU
		{5BB7202F-D36D-4F00-9963-678DB5BCC7C6}.Debug|Any CPU.ActiveCfg = Debug|Any CPU
		{5BB7202F-D36D-4F00-9963-678DB5BCC7C6}.Debug|Any CPU.Build.0 = Debug|Any CPU
		{5BB7202F-D36D-4F00-9963-678DB5BCC7C6}.Release|Any CPU.ActiveCfg = Release|Any CPU
		{5BB7202F-D36D-4F00-9963-678DB5BCC7C6}.Release|Any CPU.Build.0 = Release|Any CPU
		{15E6126B-22E8-417E-9458-5ADB2B3C6FE3}.Debug|Any CPU.ActiveCfg = Debug|Any CPU
		{15E6126B-22E8-417E-9458-5ADB2B3C6FE3}.Debug|Any CPU.Build.0 = Debug|Any CPU
		{15E6126B-22E8-417E-9458-5ADB2B3C6FE3}.Release|Any CPU.ActiveCfg = Release|Any CPU
		{15E6126B-22E8-417E-9458-5ADB2B3C6FE3}.Release|Any CPU.Build.0 = Release|Any CPU
		{908AC493-00D7-43E0-B9A2-3BEB529C967D}.Debug|Any CPU.ActiveCfg = Debug|Any CPU
		{908AC493-00D7-43E0-B9A2-3BEB529C967D}.Debug|Any CPU.Build.0 = Debug|Any CPU
		{908AC493-00D7-43E0-B9A2-3BEB529C967D}.Release|Any CPU.ActiveCfg = Release|Any CPU
		{908AC493-00D7-43E0-B9A2-3BEB529C967D}.Release|Any CPU.Build.0 = Release|Any CPU
		{381A15F4-F1DF-4592-B28F-A7AF17464C9C}.Debug|Any CPU.ActiveCfg = Debug|Any CPU
		{381A15F4-F1DF-4592-B28F-A7AF17464C9C}.Debug|Any CPU.Build.0 = Debug|Any CPU
		{381A15F4-F1DF-4592-B28F-A7AF17464C9C}.Release|Any CPU.ActiveCfg = Release|Any CPU
		{381A15F4-F1DF-4592-B28F-A7AF17464C9C}.Release|Any CPU.Build.0 = Release|Any CPU
		{EF0EC33F-3E6E-403D-A35A-8B72EBEC5D92}.Debug|Any CPU.ActiveCfg = Debug|Any CPU
		{EF0EC33F-3E6E-403D-A35A-8B72EBEC5D92}.Debug|Any CPU.Build.0 = Debug|Any CPU
		{EF0EC33F-3E6E-403D-A35A-8B72EBEC5D92}.Release|Any CPU.ActiveCfg = Release|Any CPU
		{EF0EC33F-3E6E-403D-A35A-8B72EBEC5D92}.Release|Any CPU.Build.0 = Release|Any CPU
		{1A1FF397-EFB5-4DCE-8B3A-AA1EF1C9F15F}.Debug|Any CPU.ActiveCfg = Debug|Any CPU
		{1A1FF397-EFB5-4DCE-8B3A-AA1EF1C9F15F}.Debug|Any CPU.Build.0 = Debug|Any CPU
		{1A1FF397-EFB5-4DCE-8B3A-AA1EF1C9F15F}.Release|Any CPU.ActiveCfg = Release|Any CPU
		{1A1FF397-EFB5-4DCE-8B3A-AA1EF1C9F15F}.Release|Any CPU.Build.0 = Release|Any CPU
		{23041F64-C65D-4DB8-AEFA-40B74BCFEB52}.Debug|Any CPU.ActiveCfg = Debug|Any CPU
		{23041F64-C65D-4DB8-AEFA-40B74BCFEB52}.Debug|Any CPU.Build.0 = Debug|Any CPU
		{23041F64-C65D-4DB8-AEFA-40B74BCFEB52}.Release|Any CPU.ActiveCfg = Release|Any CPU
		{23041F64-C65D-4DB8-AEFA-40B74BCFEB52}.Release|Any CPU.Build.0 = Release|Any CPU
		{8D5F8EDF-C188-4DEB-9DFD-C492E4A6BC33}.Debug|Any CPU.ActiveCfg = Debug|Any CPU
		{8D5F8EDF-C188-4DEB-9DFD-C492E4A6BC33}.Debug|Any CPU.Build.0 = Debug|Any CPU
		{8D5F8EDF-C188-4DEB-9DFD-C492E4A6BC33}.Release|Any CPU.ActiveCfg = Release|Any CPU
		{8D5F8EDF-C188-4DEB-9DFD-C492E4A6BC33}.Release|Any CPU.Build.0 = Release|Any CPU
		{58A3F967-3F59-438B-826F-F8FCE7DABF2C}.Debug|Any CPU.ActiveCfg = Debug|Any CPU
		{58A3F967-3F59-438B-826F-F8FCE7DABF2C}.Debug|Any CPU.Build.0 = Debug|Any CPU
		{58A3F967-3F59-438B-826F-F8FCE7DABF2C}.Release|Any CPU.ActiveCfg = Release|Any CPU
		{58A3F967-3F59-438B-826F-F8FCE7DABF2C}.Release|Any CPU.Build.0 = Release|Any CPU
		{E5098F48-4CAB-4235-B1B4-49B197D0C3D7}.Debug|Any CPU.ActiveCfg = Debug|Any CPU
		{E5098F48-4CAB-4235-B1B4-49B197D0C3D7}.Debug|Any CPU.Build.0 = Debug|Any CPU
		{E5098F48-4CAB-4235-B1B4-49B197D0C3D7}.Release|Any CPU.ActiveCfg = Release|Any CPU
		{E5098F48-4CAB-4235-B1B4-49B197D0C3D7}.Release|Any CPU.Build.0 = Release|Any CPU
		{4D422C84-614F-4097-AEE7-31A088384F51}.Debug|Any CPU.ActiveCfg = Debug|Any CPU
		{4D422C84-614F-4097-AEE7-31A088384F51}.Debug|Any CPU.Build.0 = Debug|Any CPU
		{4D422C84-614F-4097-AEE7-31A088384F51}.Release|Any CPU.ActiveCfg = Release|Any CPU
		{4D422C84-614F-4097-AEE7-31A088384F51}.Release|Any CPU.Build.0 = Release|Any CPU
		{FEA07AAD-1BFB-428D-9EB5-5AD3F9C19DBD}.Debug|Any CPU.ActiveCfg = Debug|Any CPU
		{FEA07AAD-1BFB-428D-9EB5-5AD3F9C19DBD}.Debug|Any CPU.Build.0 = Debug|Any CPU
		{FEA07AAD-1BFB-428D-9EB5-5AD3F9C19DBD}.Release|Any CPU.ActiveCfg = Release|Any CPU
		{FEA07AAD-1BFB-428D-9EB5-5AD3F9C19DBD}.Release|Any CPU.Build.0 = Release|Any CPU
		{6831038B-D413-4E85-891D-68E7D71DF59A}.Debug|Any CPU.ActiveCfg = Debug|Any CPU
		{6831038B-D413-4E85-891D-68E7D71DF59A}.Debug|Any CPU.Build.0 = Debug|Any CPU
		{6831038B-D413-4E85-891D-68E7D71DF59A}.Release|Any CPU.ActiveCfg = Release|Any CPU
		{6831038B-D413-4E85-891D-68E7D71DF59A}.Release|Any CPU.Build.0 = Release|Any CPU
		{043DB0AB-3370-462F-BBA5-5CDFA52903A2}.Debug|Any CPU.ActiveCfg = Debug|Any CPU
		{043DB0AB-3370-462F-BBA5-5CDFA52903A2}.Debug|Any CPU.Build.0 = Debug|Any CPU
		{043DB0AB-3370-462F-BBA5-5CDFA52903A2}.Release|Any CPU.ActiveCfg = Release|Any CPU
		{043DB0AB-3370-462F-BBA5-5CDFA52903A2}.Release|Any CPU.Build.0 = Release|Any CPU
		{C4BE644A-1896-401D-BA94-417F68C78108}.Debug|Any CPU.ActiveCfg = Debug|Any CPU
		{C4BE644A-1896-401D-BA94-417F68C78108}.Debug|Any CPU.Build.0 = Debug|Any CPU
		{C4BE644A-1896-401D-BA94-417F68C78108}.Release|Any CPU.ActiveCfg = Release|Any CPU
		{C4BE644A-1896-401D-BA94-417F68C78108}.Release|Any CPU.Build.0 = Release|Any CPU
		{8FF7BB3D-5752-4FAB-8464-B47A18FCE5BC}.Debug|Any CPU.ActiveCfg = Debug|Any CPU
		{8FF7BB3D-5752-4FAB-8464-B47A18FCE5BC}.Debug|Any CPU.Build.0 = Debug|Any CPU
		{8FF7BB3D-5752-4FAB-8464-B47A18FCE5BC}.Release|Any CPU.ActiveCfg = Release|Any CPU
		{8FF7BB3D-5752-4FAB-8464-B47A18FCE5BC}.Release|Any CPU.Build.0 = Release|Any CPU
		{95579E53-DBC5-4412-9E66-995DE5875D70}.Debug|Any CPU.ActiveCfg = Debug|Any CPU
		{95579E53-DBC5-4412-9E66-995DE5875D70}.Debug|Any CPU.Build.0 = Debug|Any CPU
		{95579E53-DBC5-4412-9E66-995DE5875D70}.Release|Any CPU.ActiveCfg = Release|Any CPU
		{95579E53-DBC5-4412-9E66-995DE5875D70}.Release|Any CPU.Build.0 = Release|Any CPU
		{A1A4B3EC-9523-4D4D-A099-E30C28444D71}.Debug|Any CPU.ActiveCfg = Debug|Any CPU
		{A1A4B3EC-9523-4D4D-A099-E30C28444D71}.Debug|Any CPU.Build.0 = Debug|Any CPU
		{A1A4B3EC-9523-4D4D-A099-E30C28444D71}.Release|Any CPU.ActiveCfg = Release|Any CPU
		{A1A4B3EC-9523-4D4D-A099-E30C28444D71}.Release|Any CPU.Build.0 = Release|Any CPU
		{47B14709-6462-420C-8ACF-0D0D3A7F4CC2}.Debug|Any CPU.ActiveCfg = Debug|Any CPU
		{47B14709-6462-420C-8ACF-0D0D3A7F4CC2}.Debug|Any CPU.Build.0 = Debug|Any CPU
		{47B14709-6462-420C-8ACF-0D0D3A7F4CC2}.Release|Any CPU.ActiveCfg = Release|Any CPU
		{47B14709-6462-420C-8ACF-0D0D3A7F4CC2}.Release|Any CPU.Build.0 = Release|Any CPU
		{842BCE33-86A4-450E-A14A-2BF0AC360FB6}.Debug|Any CPU.ActiveCfg = Debug|Any CPU
		{842BCE33-86A4-450E-A14A-2BF0AC360FB6}.Debug|Any CPU.Build.0 = Debug|Any CPU
		{842BCE33-86A4-450E-A14A-2BF0AC360FB6}.Release|Any CPU.ActiveCfg = Release|Any CPU
		{842BCE33-86A4-450E-A14A-2BF0AC360FB6}.Release|Any CPU.Build.0 = Release|Any CPU
		{CA6EE19C-ABDE-4D16-906F-8A65138FF43D}.Debug|Any CPU.ActiveCfg = Debug|Any CPU
		{CA6EE19C-ABDE-4D16-906F-8A65138FF43D}.Debug|Any CPU.Build.0 = Debug|Any CPU
		{CA6EE19C-ABDE-4D16-906F-8A65138FF43D}.Release|Any CPU.ActiveCfg = Release|Any CPU
		{CA6EE19C-ABDE-4D16-906F-8A65138FF43D}.Release|Any CPU.Build.0 = Release|Any CPU
		{396E490D-8566-4859-A1A0-86DEE3760F44}.Debug|Any CPU.ActiveCfg = Debug|Any CPU
		{396E490D-8566-4859-A1A0-86DEE3760F44}.Debug|Any CPU.Build.0 = Debug|Any CPU
		{396E490D-8566-4859-A1A0-86DEE3760F44}.Release|Any CPU.ActiveCfg = Release|Any CPU
		{396E490D-8566-4859-A1A0-86DEE3760F44}.Release|Any CPU.Build.0 = Release|Any CPU
		{225430AC-F083-44C5-96EC-56B3E1FA2211}.Debug|Any CPU.ActiveCfg = Debug|Any CPU
		{225430AC-F083-44C5-96EC-56B3E1FA2211}.Debug|Any CPU.Build.0 = Debug|Any CPU
		{225430AC-F083-44C5-96EC-56B3E1FA2211}.Release|Any CPU.ActiveCfg = Release|Any CPU
		{225430AC-F083-44C5-96EC-56B3E1FA2211}.Release|Any CPU.Build.0 = Release|Any CPU
		{AC42776E-A068-4A33-9FF8-8F5EC46D2AD0}.Debug|Any CPU.ActiveCfg = Debug|Any CPU
		{AC42776E-A068-4A33-9FF8-8F5EC46D2AD0}.Debug|Any CPU.Build.0 = Debug|Any CPU
		{AC42776E-A068-4A33-9FF8-8F5EC46D2AD0}.Release|Any CPU.ActiveCfg = Release|Any CPU
		{AC42776E-A068-4A33-9FF8-8F5EC46D2AD0}.Release|Any CPU.Build.0 = Release|Any CPU
		{2968EAFB-6D81-444A-AA7F-A87E2F8C74F2}.Debug|Any CPU.ActiveCfg = Debug|Any CPU
		{2968EAFB-6D81-444A-AA7F-A87E2F8C74F2}.Debug|Any CPU.Build.0 = Debug|Any CPU
		{2968EAFB-6D81-444A-AA7F-A87E2F8C74F2}.Release|Any CPU.ActiveCfg = Release|Any CPU
		{2968EAFB-6D81-444A-AA7F-A87E2F8C74F2}.Release|Any CPU.Build.0 = Release|Any CPU
		{DB23F2AB-3CE1-409A-BB0A-E1D468646D8A}.Debug|Any CPU.ActiveCfg = Debug|Any CPU
		{DB23F2AB-3CE1-409A-BB0A-E1D468646D8A}.Debug|Any CPU.Build.0 = Debug|Any CPU
		{DB23F2AB-3CE1-409A-BB0A-E1D468646D8A}.Release|Any CPU.ActiveCfg = Release|Any CPU
		{DB23F2AB-3CE1-409A-BB0A-E1D468646D8A}.Release|Any CPU.Build.0 = Release|Any CPU
		{F40B94B9-435B-408A-83E6-4B2B8DA2ECCC}.Debug|Any CPU.ActiveCfg = Debug|Any CPU
		{F40B94B9-435B-408A-83E6-4B2B8DA2ECCC}.Debug|Any CPU.Build.0 = Debug|Any CPU
		{F40B94B9-435B-408A-83E6-4B2B8DA2ECCC}.Release|Any CPU.ActiveCfg = Release|Any CPU
		{F40B94B9-435B-408A-83E6-4B2B8DA2ECCC}.Release|Any CPU.Build.0 = Release|Any CPU
		{19D649D6-EDAB-4A31-B5DC-04421BE3336E}.Debug|Any CPU.ActiveCfg = Debug|Any CPU
		{19D649D6-EDAB-4A31-B5DC-04421BE3336E}.Debug|Any CPU.Build.0 = Debug|Any CPU
		{19D649D6-EDAB-4A31-B5DC-04421BE3336E}.Release|Any CPU.ActiveCfg = Release|Any CPU
		{19D649D6-EDAB-4A31-B5DC-04421BE3336E}.Release|Any CPU.Build.0 = Release|Any CPU
		{AD62D358-1C34-48C4-93DE-FE789A5D0B2F}.Debug|Any CPU.ActiveCfg = Debug|Any CPU
		{AD62D358-1C34-48C4-93DE-FE789A5D0B2F}.Debug|Any CPU.Build.0 = Debug|Any CPU
		{AD62D358-1C34-48C4-93DE-FE789A5D0B2F}.Release|Any CPU.ActiveCfg = Release|Any CPU
		{AD62D358-1C34-48C4-93DE-FE789A5D0B2F}.Release|Any CPU.Build.0 = Release|Any CPU
		{AD4A07FA-A2C0-4BDA-A36F-EF3D4E1559C8}.Debug|Any CPU.ActiveCfg = Debug|Any CPU
		{AD4A07FA-A2C0-4BDA-A36F-EF3D4E1559C8}.Debug|Any CPU.Build.0 = Debug|Any CPU
		{AD4A07FA-A2C0-4BDA-A36F-EF3D4E1559C8}.Release|Any CPU.ActiveCfg = Release|Any CPU
		{AD4A07FA-A2C0-4BDA-A36F-EF3D4E1559C8}.Release|Any CPU.Build.0 = Release|Any CPU
		{E0CA0E1A-FD60-4CAE-8B7B-EBED02D11326}.Debug|Any CPU.ActiveCfg = Debug|Any CPU
		{E0CA0E1A-FD60-4CAE-8B7B-EBED02D11326}.Debug|Any CPU.Build.0 = Debug|Any CPU
		{E0CA0E1A-FD60-4CAE-8B7B-EBED02D11326}.Release|Any CPU.ActiveCfg = Release|Any CPU
		{E0CA0E1A-FD60-4CAE-8B7B-EBED02D11326}.Release|Any CPU.Build.0 = Release|Any CPU
		{96920B53-C90E-4643-9DDB-540B23B3A738}.Debug|Any CPU.ActiveCfg = Debug|Any CPU
		{96920B53-C90E-4643-9DDB-540B23B3A738}.Debug|Any CPU.Build.0 = Debug|Any CPU
		{96920B53-C90E-4643-9DDB-540B23B3A738}.Release|Any CPU.ActiveCfg = Release|Any CPU
		{96920B53-C90E-4643-9DDB-540B23B3A738}.Release|Any CPU.Build.0 = Release|Any CPU
		{3EC45107-B9C5-4F7C-BD88-6FE5796EA7AE}.Debug|Any CPU.ActiveCfg = Debug|Any CPU
		{3EC45107-B9C5-4F7C-BD88-6FE5796EA7AE}.Debug|Any CPU.Build.0 = Debug|Any CPU
		{3EC45107-B9C5-4F7C-BD88-6FE5796EA7AE}.Release|Any CPU.ActiveCfg = Release|Any CPU
		{3EC45107-B9C5-4F7C-BD88-6FE5796EA7AE}.Release|Any CPU.Build.0 = Release|Any CPU
		{0935F51D-08C4-4FD3-A9C7-8F63EB04CB91}.Debug|Any CPU.ActiveCfg = Debug|Any CPU
		{0935F51D-08C4-4FD3-A9C7-8F63EB04CB91}.Debug|Any CPU.Build.0 = Debug|Any CPU
		{0935F51D-08C4-4FD3-A9C7-8F63EB04CB91}.Release|Any CPU.ActiveCfg = Release|Any CPU
		{0935F51D-08C4-4FD3-A9C7-8F63EB04CB91}.Release|Any CPU.Build.0 = Release|Any CPU
		{5843F2A4-FC2D-42C2-801B-913DECF5A04F}.Debug|Any CPU.ActiveCfg = Debug|Any CPU
		{5843F2A4-FC2D-42C2-801B-913DECF5A04F}.Debug|Any CPU.Build.0 = Debug|Any CPU
		{5843F2A4-FC2D-42C2-801B-913DECF5A04F}.Release|Any CPU.ActiveCfg = Release|Any CPU
		{5843F2A4-FC2D-42C2-801B-913DECF5A04F}.Release|Any CPU.Build.0 = Release|Any CPU
		{C9B777F1-E71E-46A1-BBBF-54AECA385D2E}.Debug|Any CPU.ActiveCfg = Debug|Any CPU
		{C9B777F1-E71E-46A1-BBBF-54AECA385D2E}.Debug|Any CPU.Build.0 = Debug|Any CPU
		{C9B777F1-E71E-46A1-BBBF-54AECA385D2E}.Release|Any CPU.ActiveCfg = Release|Any CPU
		{C9B777F1-E71E-46A1-BBBF-54AECA385D2E}.Release|Any CPU.Build.0 = Release|Any CPU
		{922E4AAB-5850-4BB9-823F-9CFD91AE81BC}.Debug|Any CPU.ActiveCfg = Debug|Any CPU
		{922E4AAB-5850-4BB9-823F-9CFD91AE81BC}.Debug|Any CPU.Build.0 = Debug|Any CPU
		{922E4AAB-5850-4BB9-823F-9CFD91AE81BC}.Release|Any CPU.ActiveCfg = Release|Any CPU
		{922E4AAB-5850-4BB9-823F-9CFD91AE81BC}.Release|Any CPU.Build.0 = Release|Any CPU
		{AE04EA45-81A4-4FA2-BFCF-2AA75BE0D55A}.Debug|Any CPU.ActiveCfg = Debug|Any CPU
		{AE04EA45-81A4-4FA2-BFCF-2AA75BE0D55A}.Debug|Any CPU.Build.0 = Debug|Any CPU
		{AE04EA45-81A4-4FA2-BFCF-2AA75BE0D55A}.Release|Any CPU.ActiveCfg = Release|Any CPU
		{AE04EA45-81A4-4FA2-BFCF-2AA75BE0D55A}.Release|Any CPU.Build.0 = Release|Any CPU
		{E1A82211-A872-4337-9A5E-11142B478DFC}.Debug|Any CPU.ActiveCfg = Debug|Any CPU
		{E1A82211-A872-4337-9A5E-11142B478DFC}.Debug|Any CPU.Build.0 = Debug|Any CPU
		{E1A82211-A872-4337-9A5E-11142B478DFC}.Release|Any CPU.ActiveCfg = Release|Any CPU
		{E1A82211-A872-4337-9A5E-11142B478DFC}.Release|Any CPU.Build.0 = Release|Any CPU
		{6CB9B657-2FC3-44D4-9D6F-6AEA4D979E42}.Debug|Any CPU.ActiveCfg = Debug|Any CPU
		{6CB9B657-2FC3-44D4-9D6F-6AEA4D979E42}.Debug|Any CPU.Build.0 = Debug|Any CPU
		{6CB9B657-2FC3-44D4-9D6F-6AEA4D979E42}.Release|Any CPU.ActiveCfg = Release|Any CPU
		{6CB9B657-2FC3-44D4-9D6F-6AEA4D979E42}.Release|Any CPU.Build.0 = Release|Any CPU
	EndGlobalSection
	GlobalSection(SolutionProperties) = preSolution
		HideSolutionNode = FALSE
	EndGlobalSection
	GlobalSection(ExtensibilityGlobals) = postSolution
		SolutionGuid = {1D346742-BC4C-432E-8333-4D42A746A5D1}
	EndGlobalSection
EndGlobal
